
Microsoft Visual Studio Solution File, Format Version 12.00
# Visual Studio 2012
Project("{FAE04EC0-301F-11D3-BF4B-00C04F79EFBC}") = "WindowsFormsApplication17", "WindowsFormsApplication17\WindowsFormsApplication17.csproj", "{F09474B5-7B04-4F5B-9F13-160F691334D1}"
EndProject
Global
	GlobalSection(SolutionConfigurationPlatforms) = preSolution
		Debug|Any CPU = Debug|Any CPU
		Release|Any CPU = Release|Any CPU
	EndGlobalSection
	GlobalSection(ProjectConfigurationPlatforms) = postSolution
		{F09474B5-7B04-4F5B-9F13-160F691334D1}.Debug|Any CPU.ActiveCfg = Debug|Any CPU
		{F09474B5-7B04-4F5B-9F13-160F691334D1}.Debug|Any CPU.Build.0 = Debug|Any CPU
		{F09474B5-7B04-4F5B-9F13-160F691334D1}.Release|Any CPU.ActiveCfg = Release|Any CPU
		{F09474B5-7B04-4F5B-9F13-160F691334D1}.Release|Any CPU.Build.0 = Release|Any CPU
	EndGlobalSection
	GlobalSection(SolutionProperties) = preSolution
		HideSolutionNode = FALSE
	EndGlobalSection
EndGlobal
